// !$*UTF8*$!
{
	archiveVersion = 1;
	classes = {
	};
	objectVersion = 46;
	objects = {

/* Begin PBXBuildFile section */
		18C852611925F125007FD6B5 /* 李克勤 - 月半小夜曲.txt in Resources */ = {isa = PBXBuildFile; fileRef = 18C852601925F125007FD6B5 /* 李克勤 - 月半小夜曲.txt */; };
		18C852661925F585007FD6B5 /* 李克勤 - 月半夜小夜曲.lrc in Resources */ = {isa = PBXBuildFile; fileRef = 18C852651925F585007FD6B5 /* 李克勤 - 月半夜小夜曲.lrc */; };
		18FA1EAA1924F54300CD8288 /* Foundation.framework in Frameworks */ = {isa = PBXBuildFile; fileRef = 18FA1EA91924F54300CD8288 /* Foundation.framework */; };
		18FA1EAC1924F54300CD8288 /* CoreGraphics.framework in Frameworks */ = {isa = PBXBuildFile; fileRef = 18FA1EAB1924F54300CD8288 /* CoreGraphics.framework */; };
		18FA1EAE1924F54300CD8288 /* UIKit.framework in Frameworks */ = {isa = PBXBuildFile; fileRef = 18FA1EAD1924F54300CD8288 /* UIKit.framework */; };
		18FA1EB41924F54300CD8288 /* InfoPlist.strings in Resources */ = {isa = PBXBuildFile; fileRef = 18FA1EB21924F54300CD8288 /* InfoPlist.strings */; };
		18FA1EB61924F54300CD8288 /* main.m in Sources */ = {isa = PBXBuildFile; fileRef = 18FA1EB51924F54300CD8288 /* main.m */; };
		18FA1EBA1924F54300CD8288 /* YLYAppDelegate.m in Sources */ = {isa = PBXBuildFile; fileRef = 18FA1EB91924F54300CD8288 /* YLYAppDelegate.m */; };
		18FA1EBD1924F54300CD8288 /* Main.storyboard in Resources */ = {isa = PBXBuildFile; fileRef = 18FA1EBB1924F54300CD8288 /* Main.storyboard */; };
		18FA1EC01924F54300CD8288 /* YLYViewController.m in Sources */ = {isa = PBXBuildFile; fileRef = 18FA1EBF1924F54300CD8288 /* YLYViewController.m */; };
		18FA1EC21924F54300CD8288 /* Images.xcassets in Resources */ = {isa = PBXBuildFile; fileRef = 18FA1EC11924F54300CD8288 /* Images.xcassets */; };
		18FA1EC91924F54300CD8288 /* XCTest.framework in Frameworks */ = {isa = PBXBuildFile; fileRef = 18FA1EC81924F54300CD8288 /* XCTest.framework */; };
		18FA1ECA1924F54300CD8288 /* Foundation.framework in Frameworks */ = {isa = PBXBuildFile; fileRef = 18FA1EA91924F54300CD8288 /* Foundation.framework */; };
		18FA1ECB1924F54300CD8288 /* UIKit.framework in Frameworks */ = {isa = PBXBuildFile; fileRef = 18FA1EAD1924F54300CD8288 /* UIKit.framework */; };
		18FA1ED31924F54300CD8288 /* InfoPlist.strings in Resources */ = {isa = PBXBuildFile; fileRef = 18FA1ED11924F54300CD8288 /* InfoPlist.strings */; };
		18FA1ED51924F54300CD8288 /* OKLRCDemoTests.m in Sources */ = {isa = PBXBuildFile; fileRef = 18FA1ED41924F54300CD8288 /* OKLRCDemoTests.m */; };
		3FF9884D192C451500D96C4F /* 月半小夜曲.mp3 in Resources */ = {isa = PBXBuildFile; fileRef = 3FF9884C192C451500D96C4F /* 月半小夜曲.mp3 */; };
		3FF98853192C54E100D96C4F /* YLYMusicLRC.m in Sources */ = {isa = PBXBuildFile; fileRef = 3FF98850192C54E100D96C4F /* YLYMusicLRC.m */; };
		3FF98854192C54E100D96C4F /* YLYOKLRCView.m in Sources */ = {isa = PBXBuildFile; fileRef = 3FF98852192C54E100D96C4F /* YLYOKLRCView.m */; };
		5070966C1A1AE1D400AE88E7 /* bg005.jpg in Resources */ = {isa = PBXBuildFile; fileRef = 5070966B1A1AE1D400AE88E7 /* bg005.jpg */; };
/* End PBXBuildFile section */

/* Begin PBXContainerItemProxy section */
		18FA1ECC1924F54300CD8288 /* PBXContainerItemProxy */ = {
			isa = PBXContainerItemProxy;
			containerPortal = 18FA1E9E1924F54200CD8288 /* Project object */;
			proxyType = 1;
			remoteGlobalIDString = 18FA1EA51924F54200CD8288;
			remoteInfo = OKLRCDemo;
		};
/* End PBXContainerItemProxy section */

/* Begin PBXFileReference section */
		18C852601925F125007FD6B5 /* 李克勤 - 月半小夜曲.txt */ = {isa = PBXFileReference; fileEncoding = 4; lastKnownFileType = text; path = "李克勤 - 月半小夜曲.txt"; sourceTree = "<group>"; };
		18C852651925F585007FD6B5 /* 李克勤 - 月半夜小夜曲.lrc */ = {isa = PBXFileReference; fileEncoding = 4; lastKnownFileType = text; path = "李克勤 - 月半夜小夜曲.lrc"; sourceTree = "<group>"; };
		18FA1EA61924F54200CD8288 /* OKLRCDemo.app */ = {isa = PBXFileReference; explicitFileType = wrapper.application; includeInIndex = 0; path = OKLRCDemo.app; sourceTree = BUILT_PRODUCTS_DIR; };
		18FA1EA91924F54300CD8288 /* Foundation.framework */ = {isa = PBXFileReference; lastKnownFileType = wrapper.framework; name = Foundation.framework; path = System/Library/Frameworks/Foundation.framework; sourceTree = SDKROOT; };
		18FA1EAB1924F54300CD8288 /* CoreGraphics.framework */ = {isa = PBXFileReference; lastKnownFileType = wrapper.framework; name = CoreGraphics.framework; path = System/Library/Frameworks/CoreGraphics.framework; sourceTree = SDKROOT; };
		18FA1EAD1924F54300CD8288 /* UIKit.framework */ = {isa = PBXFileReference; lastKnownFileType = wrapper.framework; name = UIKit.framework; path = System/Library/Frameworks/UIKit.framework; sourceTree = SDKROOT; };
		18FA1EB11924F54300CD8288 /* OKLRCDemo-Info.plist */ = {isa = PBXFileReference; lastKnownFileType = text.plist.xml; path = "OKLRCDemo-Info.plist"; sourceTree = "<group>"; };
		18FA1EB31924F54300CD8288 /* en */ = {isa = PBXFileReference; lastKnownFileType = text.plist.strings; name = en; path = en.lproj/InfoPlist.strings; sourceTree = "<group>"; };
		18FA1EB51924F54300CD8288 /* main.m */ = {isa = PBXFileReference; lastKnownFileType = sourcecode.c.objc; path = main.m; sourceTree = "<group>"; };
		18FA1EB71924F54300CD8288 /* OKLRCDemo-Prefix.pch */ = {isa = PBXFileReference; lastKnownFileType = sourcecode.c.h; path = "OKLRCDemo-Prefix.pch"; sourceTree = "<group>"; };
		18FA1EB81924F54300CD8288 /* YLYAppDelegate.h */ = {isa = PBXFileReference; lastKnownFileType = sourcecode.c.h; path = YLYAppDelegate.h; sourceTree = "<group>"; };
		18FA1EB91924F54300CD8288 /* YLYAppDelegate.m */ = {isa = PBXFileReference; lastKnownFileType = sourcecode.c.objc; path = YLYAppDelegate.m; sourceTree = "<group>"; };
		18FA1EBC1924F54300CD8288 /* Base */ = {isa = PBXFileReference; lastKnownFileType = file.storyboard; name = Base; path = Base.lproj/Main.storyboard; sourceTree = "<group>"; };
		18FA1EBE1924F54300CD8288 /* YLYViewController.h */ = {isa = PBXFileReference; lastKnownFileType = sourcecode.c.h; path = YLYViewController.h; sourceTree = "<group>"; };
		18FA1EBF1924F54300CD8288 /* YLYViewController.m */ = {isa = PBXFileReference; lastKnownFileType = sourcecode.c.objc; path = YLYViewController.m; sourceTree = "<group>"; };
		18FA1EC11924F54300CD8288 /* Images.xcassets */ = {isa = PBXFileReference; lastKnownFileType = folder.assetcatalog; path = Images.xcassets; sourceTree = "<group>"; };
		18FA1EC71924F54300CD8288 /* OKLRCDemoTests.xctest */ = {isa = PBXFileReference; explicitFileType = wrapper.cfbundle; includeInIndex = 0; path = OKLRCDemoTests.xctest; sourceTree = BUILT_PRODUCTS_DIR; };
		18FA1EC81924F54300CD8288 /* XCTest.framework */ = {isa = PBXFileReference; lastKnownFileType = wrapper.framework; name = XCTest.framework; path = Library/Frameworks/XCTest.framework; sourceTree = DEVELOPER_DIR; };
		18FA1ED01924F54300CD8288 /* OKLRCDemoTests-Info.plist */ = {isa = PBXFileReference; lastKnownFileType = text.plist.xml; path = "OKLRCDemoTests-Info.plist"; sourceTree = "<group>"; };
		18FA1ED21924F54300CD8288 /* en */ = {isa = PBXFileReference; lastKnownFileType = text.plist.strings; name = en; path = en.lproj/InfoPlist.strings; sourceTree = "<group>"; };
		18FA1ED41924F54300CD8288 /* OKLRCDemoTests.m */ = {isa = PBXFileReference; lastKnownFileType = sourcecode.c.objc; path = OKLRCDemoTests.m; sourceTree = "<group>"; };
		3FF9884C192C451500D96C4F /* 月半小夜曲.mp3 */ = {isa = PBXFileReference; lastKnownFileType = audio.mp3; path = "月半小夜曲.mp3"; sourceTree = "<group>"; };
		3FF9884F192C54E100D96C4F /* YLYMusicLRC.h */ = {isa = PBXFileReference; fileEncoding = 4; lastKnownFileType = sourcecode.c.h; path = YLYMusicLRC.h; sourceTree = "<group>"; };
		3FF98850192C54E100D96C4F /* YLYMusicLRC.m */ = {isa = PBXFileReference; fileEncoding = 4; lastKnownFileType = sourcecode.c.objc; path = YLYMusicLRC.m; sourceTree = "<group>"; };
		3FF98851192C54E100D96C4F /* YLYOKLRCView.h */ = {isa = PBXFileReference; fileEncoding = 4; lastKnownFileType = sourcecode.c.h; path = YLYOKLRCView.h; sourceTree = "<group>"; };
		3FF98852192C54E100D96C4F /* YLYOKLRCView.m */ = {isa = PBXFileReference; fileEncoding = 4; lastKnownFileType = sourcecode.c.objc; path = YLYOKLRCView.m; sourceTree = "<group>"; };
		5070966B1A1AE1D400AE88E7 /* bg005.jpg */ = {isa = PBXFileReference; lastKnownFileType = image.jpeg; path = bg005.jpg; sourceTree = "<group>"; };
/* End PBXFileReference section */

/* Begin PBXFrameworksBuildPhase section */
		18FA1EA31924F54200CD8288 /* Frameworks */ = {
			isa = PBXFrameworksBuildPhase;
			buildActionMask = 2147483647;
			files = (
				18FA1EAC1924F54300CD8288 /* CoreGraphics.framework in Frameworks */,
				18FA1EAE1924F54300CD8288 /* UIKit.framework in Frameworks */,
				18FA1EAA1924F54300CD8288 /* Foundation.framework in Frameworks */,
			);
			runOnlyForDeploymentPostprocessing = 0;
		};
		18FA1EC41924F54300CD8288 /* Frameworks */ = {
			isa = PBXFrameworksBuildPhase;
			buildActionMask = 2147483647;
			files = (
				18FA1EC91924F54300CD8288 /* XCTest.framework in Frameworks */,
				18FA1ECB1924F54300CD8288 /* UIKit.framework in Frameworks */,
				18FA1ECA1924F54300CD8288 /* Foundation.framework in Frameworks */,
			);
			runOnlyForDeploymentPostprocessing = 0;
		};
/* End PBXFrameworksBuildPhase section */

/* Begin PBXGroup section */
		18FA1E9D1924F54200CD8288 = {
			isa = PBXGroup;
			children = (
				18FA1EAF1924F54300CD8288 /* OKLRCDemo */,
				18FA1ECE1924F54300CD8288 /* OKLRCDemoTests */,
				18FA1EA81924F54300CD8288 /* Frameworks */,
				18FA1EA71924F54200CD8288 /* Products */,
			);
			sourceTree = "<group>";
		};
		18FA1EA71924F54200CD8288 /* Products */ = {
			isa = PBXGroup;
			children = (
				18FA1EA61924F54200CD8288 /* OKLRCDemo.app */,
				18FA1EC71924F54300CD8288 /* OKLRCDemoTests.xctest */,
			);
			name = Products;
			sourceTree = "<group>";
		};
		18FA1EA81924F54300CD8288 /* Frameworks */ = {
			isa = PBXGroup;
			children = (
				18FA1EA91924F54300CD8288 /* Foundation.framework */,
				18FA1EAB1924F54300CD8288 /* CoreGraphics.framework */,
				18FA1EAD1924F54300CD8288 /* UIKit.framework */,
				18FA1EC81924F54300CD8288 /* XCTest.framework */,
			);
			name = Frameworks;
			sourceTree = "<group>";
		};
		18FA1EAF1924F54300CD8288 /* OKLRCDemo */ = {
			isa = PBXGroup;
			children = (
				3FF9884E192C54E100D96C4F /* YLYOKLrc */,
				18FA1EB81924F54300CD8288 /* YLYAppDelegate.h */,
				18FA1EB91924F54300CD8288 /* YLYAppDelegate.m */,
				18FA1EBB1924F54300CD8288 /* Main.storyboard */,
				18FA1EBE1924F54300CD8288 /* YLYViewController.h */,
				18FA1EBF1924F54300CD8288 /* YLYViewController.m */,
				18C852601925F125007FD6B5 /* 李克勤 - 月半小夜曲.txt */,
				18C852651925F585007FD6B5 /* 李克勤 - 月半夜小夜曲.lrc */,
				3FF9884C192C451500D96C4F /* 月半小夜曲.mp3 */,
				5070966B1A1AE1D400AE88E7 /* bg005.jpg */,
				18FA1EC11924F54300CD8288 /* Images.xcassets */,
				18FA1EB01924F54300CD8288 /* Supporting Files */,
			);
			path = OKLRCDemo;
			sourceTree = "<group>";
		};
		18FA1EB01924F54300CD8288 /* Supporting Files */ = {
			isa = PBXGroup;
			children = (
				18FA1EB11924F54300CD8288 /* OKLRCDemo-Info.plist */,
				18FA1EB21924F54300CD8288 /* InfoPlist.strings */,
				18FA1EB51924F54300CD8288 /* main.m */,
				18FA1EB71924F54300CD8288 /* OKLRCDemo-Prefix.pch */,
			);
			name = "Supporting Files";
			sourceTree = "<group>";
		};
		18FA1ECE1924F54300CD8288 /* OKLRCDemoTests */ = {
			isa = PBXGroup;
			children = (
				18FA1ED41924F54300CD8288 /* OKLRCDemoTests.m */,
				18FA1ECF1924F54300CD8288 /* Supporting Files */,
			);
			path = OKLRCDemoTests;
			sourceTree = "<group>";
		};
		18FA1ECF1924F54300CD8288 /* Supporting Files */ = {
			isa = PBXGroup;
			children = (
				18FA1ED01924F54300CD8288 /* OKLRCDemoTests-Info.plist */,
				18FA1ED11924F54300CD8288 /* InfoPlist.strings */,
			);
			name = "Supporting Files";
			sourceTree = "<group>";
		};
		3FF9884E192C54E100D96C4F /* YLYOKLrc */ = {
			isa = PBXGroup;
			children = (
				3FF9884F192C54E100D96C4F /* YLYMusicLRC.h */,
				3FF98850192C54E100D96C4F /* YLYMusicLRC.m */,
				3FF98851192C54E100D96C4F /* YLYOKLRCView.h */,
				3FF98852192C54E100D96C4F /* YLYOKLRCView.m */,
			);
			path = YLYOKLrc;
			sourceTree = "<group>";
		};
/* End PBXGroup section */

/* Begin PBXNativeTarget section */
		18FA1EA51924F54200CD8288 /* OKLRCDemo */ = {
			isa = PBXNativeTarget;
			buildConfigurationList = 18FA1ED81924F54300CD8288 /* Build configuration list for PBXNativeTarget "OKLRCDemo" */;
			buildPhases = (
				18FA1EA21924F54200CD8288 /* Sources */,
				18FA1EA31924F54200CD8288 /* Frameworks */,
				18FA1EA41924F54200CD8288 /* Resources */,
			);
			buildRules = (
			);
			dependencies = (
			);
			name = OKLRCDemo;
			productName = OKLRCDemo;
			productReference = 18FA1EA61924F54200CD8288 /* OKLRCDemo.app */;
			productType = "com.apple.product-type.application";
		};
		18FA1EC61924F54300CD8288 /* OKLRCDemoTests */ = {
			isa = PBXNativeTarget;
			buildConfigurationList = 18FA1EDB1924F54300CD8288 /* Build configuration list for PBXNativeTarget "OKLRCDemoTests" */;
			buildPhases = (
				18FA1EC31924F54300CD8288 /* Sources */,
				18FA1EC41924F54300CD8288 /* Frameworks */,
				18FA1EC51924F54300CD8288 /* Resources */,
			);
			buildRules = (
			);
			dependencies = (
				18FA1ECD1924F54300CD8288 /* PBXTargetDependency */,
			);
			name = OKLRCDemoTests;
			productName = OKLRCDemoTests;
			productReference = 18FA1EC71924F54300CD8288 /* OKLRCDemoTests.xctest */;
			productType = "com.apple.product-type.bundle.unit-test";
		};
/* End PBXNativeTarget section */

/* Begin PBXProject section */
		18FA1E9E1924F54200CD8288 /* Project object */ = {
			isa = PBXProject;
			attributes = {
				CLASSPREFIX = YLY;
				LastUpgradeCheck = 0500;
				ORGANIZATIONNAME = com.yly16;
				TargetAttributes = {
					18FA1EC61924F54300CD8288 = {
						TestTargetID = 18FA1EA51924F54200CD8288;
					};
				};
			};
			buildConfigurationList = 18FA1EA11924F54200CD8288 /* Build configuration list for PBXProject "OKLRCDemo" */;
			compatibilityVersion = "Xcode 3.2";
			developmentRegion = English;
			hasScannedForEncodings = 0;
			knownRegions = (
				en,
				Base,
			);
			mainGroup = 18FA1E9D1924F54200CD8288;
			productRefGroup = 18FA1EA71924F54200CD8288 /* Products */;
			projectDirPath = "";
			projectRoot = "";
			targets = (
				18FA1EA51924F54200CD8288 /* OKLRCDemo */,
				18FA1EC61924F54300CD8288 /* OKLRCDemoTests */,
			);
		};
/* End PBXProject section */

/* Begin PBXResourcesBuildPhase section */
		18FA1EA41924F54200CD8288 /* Resources */ = {
			isa = PBXResourcesBuildPhase;
			buildActionMask = 2147483647;
			files = (
				3FF9884D192C451500D96C4F /* 月半小夜曲.mp3 in Resources */,
				18FA1EC21924F54300CD8288 /* Images.xcassets in Resources */,
				18FA1EB41924F54300CD8288 /* InfoPlist.strings in Resources */,
				5070966C1A1AE1D400AE88E7 /* bg005.jpg in Resources */,
				18C852661925F585007FD6B5 /* 李克勤 - 月半夜小夜曲.lrc in Resources */,
				18C852611925F125007FD6B5 /* 李克勤 - 月半小夜曲.txt in Resources */,
				18FA1EBD1924F54300CD8288 /* Main.storyboard in Resources */,
			);
			runOnlyForDeploymentPostprocessing = 0;
		};
		18FA1EC51924F54300CD8288 /* Resources */ = {
			isa = PBXResourcesBuildPhase;
			buildActionMask = 2147483647;
			files = (
				18FA1ED31924F54300CD8288 /* InfoPlist.strings in Resources */,
			);
			runOnlyForDeploymentPostprocessing = 0;
		};
/* End PBXResourcesBuildPhase section */

/* Begin PBXSourcesBuildPhase section */
		18FA1EA21924F54200CD8288 /* Sources */ = {
			isa = PBXSourcesBuildPhase;
			buildActionMask = 2147483647;
			files = (
				3FF98853192C54E100D96C4F /* YLYMusicLRC.m in Sources */,
				18FA1EC01924F54300CD8288 /* YLYViewController.m in Sources */,
				18FA1EB61924F54300CD8288 /* main.m in Sources */,
				18FA1EBA1924F54300CD8288 /* YLYAppDelegate.m in Sources */,
				3FF98854192C54E100D96C4F /* YLYOKLRCView.m in Sources */,
			);
			runOnlyForDeploymentPostprocessing = 0;
		};
		18FA1EC31924F54300CD8288 /* Sources */ = {
			isa = PBXSourcesBuildPhase;
			buildActionMask = 2147483647;
			files = (
				18FA1ED51924F54300CD8288 /* OKLRCDemoTests.m in Sources */,
			);
			runOnlyForDeploymentPostprocessing = 0;
		};
/* End PBXSourcesBuildPhase section */

/* Begin PBXTargetDependency section */
		18FA1ECD1924F54300CD8288 /* PBXTargetDependency */ = {
			isa = PBXTargetDependency;
			target = 18FA1EA51924F54200CD8288 /* OKLRCDemo */;
			targetProxy = 18FA1ECC1924F54300CD8288 /* PBXContainerItemProxy */;
		};
/* End PBXTargetDependency section */

/* Begin PBXVariantGroup section */
		18FA1EB21924F54300CD8288 /* InfoPlist.strings */ = {
			isa = PBXVariantGroup;
			children = (
				18FA1EB31924F54300CD8288 /* en */,
			);
			name = InfoPlist.strings;
			sourceTree = "<group>";
		};
		18FA1EBB1924F54300CD8288 /* Main.storyboard */ = {
			isa = PBXVariantGroup;
			children = (
				18FA1EBC1924F54300CD8288 /* Base */,
			);
			name = Main.storyboard;
			sourceTree = "<group>";
		};
		18FA1ED11924F54300CD8288 /* InfoPlist.strings */ = {
			isa = PBXVariantGroup;
			children = (
				18FA1ED21924F54300CD8288 /* en */,
			);
			name = InfoPlist.strings;
			sourceTree = "<group>";
		};
/* End PBXVariantGroup section */

/* Begin XCBuildConfiguration section */
		18FA1ED61924F54300CD8288 /* Debug */ = {
			isa = XCBuildConfiguration;
			buildSettings = {
				ALWAYS_SEARCH_USER_PATHS = NO;
				ARCHS = "$(ARCHS_STANDARD_INCLUDING_64_BIT)";
				CLANG_CXX_LANGUAGE_STANDARD = "gnu++0x";
				CLANG_CXX_LIBRARY = "libc++";
				CLANG_ENABLE_MODULES = YES;
				CLANG_ENABLE_OBJC_ARC = YES;
				CLANG_WARN_BOOL_CONVERSION = YES;
				CLANG_WARN_CONSTANT_CONVERSION = YES;
				CLANG_WARN_DIRECT_OBJC_ISA_USAGE = YES_ERROR;
				CLANG_WARN_EMPTY_BODY = YES;
				CLANG_WARN_ENUM_CONVERSION = YES;
				CLANG_WARN_INT_CONVERSION = YES;
				CLANG_WARN_OBJC_ROOT_CLASS = YES_ERROR;
				CLANG_WARN__DUPLICATE_METHOD_MATCH = YES;
				"CODE_SIGN_IDENTITY[sdk=iphoneos*]" = "iPhone Developer";
				COPY_PHASE_STRIP = NO;
				GCC_C_LANGUAGE_STANDARD = gnu99;
				GCC_DYNAMIC_NO_PIC = NO;
				GCC_OPTIMIZATION_LEVEL = 0;
				GCC_PREPROCESSOR_DEFINITIONS = (
					"DEBUG=1",
					"$(inherited)",
				);
				GCC_SYMBOLS_PRIVATE_EXTERN = NO;
				GCC_WARN_64_TO_32_BIT_CONVERSION = YES;
				GCC_WARN_ABOUT_RETURN_TYPE = YES_ERROR;
				GCC_WARN_UNDECLARED_SELECTOR = YES;
				GCC_WARN_UNINITIALIZED_AUTOS = YES;
				GCC_WARN_UNUSED_FUNCTION = YES;
				GCC_WARN_UNUSED_VARIABLE = YES;
				IPHONEOS_DEPLOYMENT_TARGET = 7.0;
				ONLY_ACTIVE_ARCH = YES;
				SDKROOT = iphoneos;
			};
			name = Debug;
		};
		18FA1ED71924F54300CD8288 /* Release */ = {
			isa = XCBuildConfiguration;
			buildSettings = {
				ALWAYS_SEARCH_USER_PATHS = NO;
				ARCHS = "$(ARCHS_STANDARD_INCLUDING_64_BIT)";
				CLANG_CXX_LANGUAGE_STANDARD = "gnu++0x";
				CLANG_CXX_LIBRARY = "libc++";
				CLANG_ENABLE_MODULES = YES;
				CLANG_ENABLE_OBJC_ARC = YES;
				CLANG_WARN_BOOL_CONVERSION = YES;
				CLANG_WARN_CONSTANT_CONVERSION = YES;
				CLANG_WARN_DIRECT_OBJC_ISA_USAGE = YES_ERROR;
				CLANG_WARN_EMPTY_BODY = YES;
				CLANG_WARN_ENUM_CONVERSION = YES;
				CLANG_WARN_INT_CONVERSION = YES;
				CLANG_WARN_OBJC_ROOT_CLASS = YES_ERROR;
				CLANG_WARN__DUPLICATE_METHOD_MATCH = YES;
				"CODE_SIGN_IDENTITY[sdk=iphoneos*]" = "iPhone Developer";
				COPY_PHASE_STRIP = YES;
				ENABLE_NS_ASSERTIONS = NO;
				GCC_C_LANGUAGE_STANDARD = gnu99;
				GCC_WARN_64_TO_32_BIT_CONVERSION = YES;
				GCC_WARN_ABOUT_RETURN_TYPE = YES_ERROR;
				GCC_WARN_UNDECLARED_SELECTOR = YES;
				GCC_WARN_UNINITIALIZED_AUTOS = YES;
				GCC_WARN_UNUSED_FUNCTION = YES;
				GCC_WARN_UNUSED_VARIABLE = YES;
				IPHONEOS_DEPLOYMENT_TARGET = 7.0;
				SDKROOT = iphoneos;
				VALIDATE_PRODUCT = YES;
			};
			name = Release;
		};
		18FA1ED91924F54300CD8288 /* Debug */ = {
			isa = XCBuildConfiguration;
			buildSettings = {
				ASSETCATALOG_COMPILER_APPICON_NAME = AppIcon;
				ASSETCATALOG_COMPILER_LAUNCHIMAGE_NAME = LaunchImage;
				GCC_PRECOMPILE_PREFIX_HEADER = YES;
				GCC_PREFIX_HEADER = "OKLRCDemo/OKLRCDemo-Prefix.pch";
				INFOPLIST_FILE = "OKLRCDemo/OKLRCDemo-Info.plist";
				PRODUCT_NAME = "$(TARGET_NAME)";
				WRAPPER_EXTENSION = app;
			};
			name = Debug;
		};
		18FA1EDA1924F54300CD8288 /* Release */ = {
			isa = XCBuildConfiguration;
			buildSettings = {
				ASSETCATALOG_COMPILER_APPICON_NAME = AppIcon;
				ASSETCATALOG_COMPILER_LAUNCHIMAGE_NAME = LaunchImage;
				GCC_PRECOMPILE_PREFIX_HEADER = YES;
				GCC_PREFIX_HEADER = "OKLRCDemo/OKLRCDemo-Prefix.pch";
				INFOPLIST_FILE = "OKLRCDemo/OKLRCDemo-Info.plist";
				PRODUCT_NAME = "$(TARGET_NAME)";
				WRAPPER_EXTENSION = app;
			};
			name = Release;
		};
		18FA1EDC1924F54300CD8288 /* Debug */ = {
			isa = XCBuildConfiguration;
			buildSettings = {
				ARCHS = "$(ARCHS_STANDARD_INCLUDING_64_BIT)";
				BUNDLE_LOADER = "$(BUILT_PRODUCTS_DIR)/OKLRCDemo.app/OKLRCDemo";
				FRAMEWORK_SEARCH_PATHS = (
					"$(SDKROOT)/Developer/Library/Frameworks",
					"$(inherited)",
					"$(DEVELOPER_FRAMEWORKS_DIR)",
				);
				GCC_PRECOMPILE_PREFIX_HEADER = YES;
				GCC_PREFIX_HEADER = "OKLRCDemo/OKLRCDemo-Prefix.pch";
				GCC_PREPROCESSOR_DEFINITIONS = (
					"DEBUG=1",
					"$(inherited)",
				);
				INFOPLIST_FILE = "OKLRCDemoTests/OKLRCDemoTests-Info.plist";
				PRODUCT_NAME = "$(TARGET_NAME)";
				TEST_HOST = "$(BUNDLE_LOADER)";
				WRAPPER_EXTENSION = xctest;
			};
			name = Debug;
		};
		18FA1EDD1924F54300CD8288 /* Release */ = {
			isa = XCBuildConfiguration;
			buildSettings = {
				ARCHS = "$(ARCHS_STANDARD_INCLUDING_64_BIT)";
				BUNDLE_LOADER = "$(BUILT_PRODUCTS_DIR)/OKLRCDemo.app/OKLRCDemo";
				FRAMEWORK_SEARCH_PATHS = (
					"$(SDKROOT)/Developer/Library/Frameworks",
					"$(inherited)",
					"$(DEVELOPER_FRAMEWORKS_DIR)",
				);
				GCC_PRECOMPILE_PREFIX_HEADER = YES;
				GCC_PREFIX_HEADER = "OKLRCDemo/OKLRCDemo-Prefix.pch";
				INFOPLIST_FILE = "OKLRCDemoTests/OKLRCDemoTests-Info.plist";
				PRODUCT_NAME = "$(TARGET_NAME)";
				TEST_HOST = "$(BUNDLE_LOADER)";
				WRAPPER_EXTENSION = xctest;
			};
			name = Release;
		};
/* End XCBuildConfiguration section */

/* Begin XCConfigurationList section */
		18FA1EA11924F54200CD8288 /* Build configuration list for PBXProject "OKLRCDemo" */ = {
			isa = XCConfigurationList;
			buildConfigurations = (
				18FA1ED61924F54300CD8288 /* Debug */,
				18FA1ED71924F54300CD8288 /* Release */,
			);
			defaultConfigurationIsVisible = 0;
			defaultConfigurationName = Release;
		};
		18FA1ED81924F54300CD8288 /* Build configuration list for PBXNativeTarget "OKLRCDemo" */ = {
			isa = XCConfigurationList;
			buildConfigurations = (
				18FA1ED91924F54300CD8288 /* Debug */,
				18FA1EDA1924F54300CD8288 /* Release */,
			);
			defaultConfigurationIsVisible = 0;
			defaultConfigurationName = Release;
		};
		18FA1EDB1924F54300CD8288 /* Build configuration list for PBXNativeTarget "OKLRCDemoTests" */ = {
			isa = XCConfigurationList;
			buildConfigurations = (
				18FA1EDC1924F54300CD8288 /* Debug */,
				18FA1EDD1924F54300CD8288 /* Release */,
			);
			defaultConfigurationIsVisible = 0;
			defaultConfigurationName = Release;
		};
/* End XCConfigurationList section */
	};
	rootObject = 18FA1E9E1924F54200CD8288 /* Project object */;
}
